
Microsoft Visual Studio Solution File, Format Version 12.00
# Visual Studio Version 16
VisualStudioVersion = 16.0.30011.22
MinimumVisualStudioVersion = 10.0.40219.1
Project("{FAE04EC0-301F-11D3-BF4B-00C04F79EFBC}") = "BackupPrgrm", "BackupPrgrm.csproj", "{7CFE98D4-66EE-4627-8BEC-9C27062E9720}"
EndProject
Project("{2150E333-8FDC-42A3-9474-1A3956D46DE8}") = "Solution Items", "Solution Items", "{4CD98B0E-16E6-4799-BC00-34ECF897B9FB}"
EndProject
Global
	GlobalSection(SolutionConfigurationPlatforms) = preSolution
		Debug|Any CPU = Debug|Any CPU
		Release|Any CPU = Release|Any CPU
	EndGlobalSection
	GlobalSection(ProjectConfigurationPlatforms) = postSolution
		{7CFE98D4-66EE-4627-8BEC-9C27062E9720}.Debug|Any CPU.ActiveCfg = Debug|Any CPU
		{7CFE98D4-66EE-4627-8BEC-9C27062E9720}.Debug|Any CPU.Build.0 = Debug|Any CPU
		{7CFE98D4-66EE-4627-8BEC-9C27062E9720}.Release|Any CPU.ActiveCfg = Release|Any CPU
		{7CFE98D4-66EE-4627-8BEC-9C27062E9720}.Release|Any CPU.Build.0 = Release|Any CPU
	EndGlobalSection
	GlobalSection(SolutionProperties) = preSolution
		HideSolutionNode = FALSE
	EndGlobalSection
	GlobalSection(ExtensibilityGlobals) = postSolution
		SolutionGuid = {1AE6FDC0-D1A4-477C-8297-0A74E75527C5}
	EndGlobalSection
EndGlobal
